// !$*UTF8*$!
{
	archiveVersion = 1;
	classes = {
	};
	objectVersion = 48;
	objects = {

/* Begin PBXBuildFile section */
		084C7C738A13A4E41A82413B /* Pods_CacheTests.framework in Frameworks */ = {isa = PBXBuildFile; fileRef = 1F5B9E18C2ACA16E85D82256 /* Pods_CacheTests.framework */; };
		677D3DE1FE68ADADCF286A91 /* Pods_Cache.framework in Frameworks */ = {isa = PBXBuildFile; fileRef = E8054C9E8CFBD35EEE295435 /* Pods_Cache.framework */; };
		B55ADBEC202F59E600092F4D /* AppDelegate.swift in Sources */ = {isa = PBXBuildFile; fileRef = B55ADBEB202F59E600092F4D /* AppDelegate.swift */; };
		B55ADBEE202F59E600092F4D /* MainVC.swift in Sources */ = {isa = PBXBuildFile; fileRef = B55ADBED202F59E600092F4D /* MainVC.swift */; };
		B55ADBF1202F59E600092F4D /* Main.storyboard in Resources */ = {isa = PBXBuildFile; fileRef = B55ADBEF202F59E600092F4D /* Main.storyboard */; };
		B55ADBF3202F59E600092F4D /* Assets.xcassets in Resources */ = {isa = PBXBuildFile; fileRef = B55ADBF2202F59E600092F4D /* Assets.xcassets */; };
		B55ADBF6202F59E600092F4D /* LaunchScreen.storyboard in Resources */ = {isa = PBXBuildFile; fileRef = B55ADBF4202F59E600092F4D /* LaunchScreen.storyboard */; };
		B55ADC01202F59E600092F4D /* CacheTests.swift in Sources */ = {isa = PBXBuildFile; fileRef = B55ADC00202F59E600092F4D /* CacheTests.swift */; };
		B55ADC0D202F782B00092F4D /* UIExtension.swift in Sources */ = {isa = PBXBuildFile; fileRef = B55ADC0C202F782B00092F4D /* UIExtension.swift */; };
		B55ADC162031104500092F4D /* ActivityCollectionCell.swift in Sources */ = {isa = PBXBuildFile; fileRef = B55ADC152031104500092F4D /* ActivityCollectionCell.swift */; };
		B55ADC182031107C00092F4D /* ActivityTableCell.swift in Sources */ = {isa = PBXBuildFile; fileRef = B55ADC172031107C00092F4D /* ActivityTableCell.swift */; };
		B55ADC1A203111B800092F4D /* ActivityVC.swift in Sources */ = {isa = PBXBuildFile; fileRef = B55ADC19203111B800092F4D /* ActivityVC.swift */; };
		B55ADC1C2036B1C600092F4D /* ConfirmationVC.swift in Sources */ = {isa = PBXBuildFile; fileRef = B55ADC1B2036B1C600092F4D /* ConfirmationVC.swift */; };
		B55ADC1E2039EF3900092F4D /* GoogleService-Info.plist in Resources */ = {isa = PBXBuildFile; fileRef = B55ADC1D2039EF3900092F4D /* GoogleService-Info.plist */; };
		B55ADC1F2039EF3900092F4D /* GoogleService-Info.plist in Resources */ = {isa = PBXBuildFile; fileRef = B55ADC1D2039EF3900092F4D /* GoogleService-Info.plist */; };
		B55ADC22203A84C700092F4D /* LoginVC.swift in Sources */ = {isa = PBXBuildFile; fileRef = B55ADC21203A84C700092F4D /* LoginVC.swift */; };
		B5F53282203E9E8E00A147AE /* Enums.swift in Sources */ = {isa = PBXBuildFile; fileRef = B5F53281203E9E8E00A147AE /* Enums.swift */; };
/* End PBXBuildFile section */

/* Begin PBXContainerItemProxy section */
		B55ADBFD202F59E600092F4D /* PBXContainerItemProxy */ = {
			isa = PBXContainerItemProxy;
			containerPortal = B55ADBE0202F59E600092F4D /* Project object */;
			proxyType = 1;
			remoteGlobalIDString = B55ADBE7202F59E600092F4D;
			remoteInfo = Cache;
		};
/* End PBXContainerItemProxy section */

/* Begin PBXFileReference section */
		149680718DF7D5D14FB673DB /* Pods-Cache.release.xcconfig */ = {isa = PBXFileReference; includeInIndex = 1; lastKnownFileType = text.xcconfig; name = "Pods-Cache.release.xcconfig"; path = "Pods/Target Support Files/Pods-Cache/Pods-Cache.release.xcconfig"; sourceTree = "<group>"; };
		1F5B9E18C2ACA16E85D82256 /* Pods_CacheTests.framework */ = {isa = PBXFileReference; explicitFileType = wrapper.framework; includeInIndex = 0; path = Pods_CacheTests.framework; sourceTree = BUILT_PRODUCTS_DIR; };
		3D5DE753E6B30225389F11E9 /* Pods-CacheTests.debug.xcconfig */ = {isa = PBXFileReference; includeInIndex = 1; lastKnownFileType = text.xcconfig; name = "Pods-CacheTests.debug.xcconfig"; path = "Pods/Target Support Files/Pods-CacheTests/Pods-CacheTests.debug.xcconfig"; sourceTree = "<group>"; };
		505FB3ED16C6D848ABFF0C6F /* Pods-CacheTests.release.xcconfig */ = {isa = PBXFileReference; includeInIndex = 1; lastKnownFileType = text.xcconfig; name = "Pods-CacheTests.release.xcconfig"; path = "Pods/Target Support Files/Pods-CacheTests/Pods-CacheTests.release.xcconfig"; sourceTree = "<group>"; };
		51800B35B8762DADD462360D /* Pods-Cache.debug.xcconfig */ = {isa = PBXFileReference; includeInIndex = 1; lastKnownFileType = text.xcconfig; name = "Pods-Cache.debug.xcconfig"; path = "Pods/Target Support Files/Pods-Cache/Pods-Cache.debug.xcconfig"; sourceTree = "<group>"; };
		B55ADBE8202F59E600092F4D /* Cache.app */ = {isa = PBXFileReference; explicitFileType = wrapper.application; includeInIndex = 0; path = Cache.app; sourceTree = BUILT_PRODUCTS_DIR; };
		B55ADBEB202F59E600092F4D /* AppDelegate.swift */ = {isa = PBXFileReference; lastKnownFileType = sourcecode.swift; path = AppDelegate.swift; sourceTree = "<group>"; };
		B55ADBED202F59E600092F4D /* MainVC.swift */ = {isa = PBXFileReference; lastKnownFileType = sourcecode.swift; path = MainVC.swift; sourceTree = "<group>"; };
		B55ADBF0202F59E600092F4D /* Base */ = {isa = PBXFileReference; lastKnownFileType = file.storyboard; name = Base; path = Base.lproj/Main.storyboard; sourceTree = "<group>"; };
		B55ADBF2202F59E600092F4D /* Assets.xcassets */ = {isa = PBXFileReference; lastKnownFileType = folder.assetcatalog; path = Assets.xcassets; sourceTree = "<group>"; };
		B55ADBF5202F59E600092F4D /* Base */ = {isa = PBXFileReference; lastKnownFileType = file.storyboard; name = Base; path = Base.lproj/LaunchScreen.storyboard; sourceTree = "<group>"; };
		B55ADBF7202F59E600092F4D /* Info.plist */ = {isa = PBXFileReference; lastKnownFileType = text.plist.xml; path = Info.plist; sourceTree = "<group>"; };
		B55ADBFC202F59E600092F4D /* CacheTests.xctest */ = {isa = PBXFileReference; explicitFileType = wrapper.cfbundle; includeInIndex = 0; path = CacheTests.xctest; sourceTree = BUILT_PRODUCTS_DIR; };
		B55ADC00202F59E600092F4D /* CacheTests.swift */ = {isa = PBXFileReference; lastKnownFileType = sourcecode.swift; path = CacheTests.swift; sourceTree = "<group>"; };
		B55ADC02202F59E600092F4D /* Info.plist */ = {isa = PBXFileReference; lastKnownFileType = text.plist.xml; path = Info.plist; sourceTree = "<group>"; };
		B55ADC0C202F782B00092F4D /* UIExtension.swift */ = {isa = PBXFileReference; lastKnownFileType = sourcecode.swift; path = UIExtension.swift; sourceTree = "<group>"; };
		B55ADC152031104500092F4D /* ActivityCollectionCell.swift */ = {isa = PBXFileReference; lastKnownFileType = sourcecode.swift; path = ActivityCollectionCell.swift; sourceTree = "<group>"; };
		B55ADC172031107C00092F4D /* ActivityTableCell.swift */ = {isa = PBXFileReference; lastKnownFileType = sourcecode.swift; path = ActivityTableCell.swift; sourceTree = "<group>"; };
		B55ADC19203111B800092F4D /* ActivityVC.swift */ = {isa = PBXFileReference; lastKnownFileType = sourcecode.swift; path = ActivityVC.swift; sourceTree = "<group>"; };
		B55ADC1B2036B1C600092F4D /* ConfirmationVC.swift */ = {isa = PBXFileReference; lastKnownFileType = sourcecode.swift; path = ConfirmationVC.swift; sourceTree = "<group>"; };
		B55ADC1D2039EF3900092F4D /* GoogleService-Info.plist */ = {isa = PBXFileReference; fileEncoding = 4; lastKnownFileType = text.plist.xml; path = "GoogleService-Info.plist"; sourceTree = "<group>"; };
		B55ADC202039F27B00092F4D /* Cache.entitlements */ = {isa = PBXFileReference; lastKnownFileType = text.plist.entitlements; path = Cache.entitlements; sourceTree = "<group>"; };
		B55ADC21203A84C700092F4D /* LoginVC.swift */ = {isa = PBXFileReference; lastKnownFileType = sourcecode.swift; path = LoginVC.swift; sourceTree = "<group>"; };
		B5F53281203E9E8E00A147AE /* Enums.swift */ = {isa = PBXFileReference; lastKnownFileType = sourcecode.swift; name = Enums.swift; path = "/Users/santana/Desktop/iOS Projects/Just Me/Cache/Cache/Helpers/Enums.swift"; sourceTree = "<absolute>"; };
		E8054C9E8CFBD35EEE295435 /* Pods_Cache.framework */ = {isa = PBXFileReference; explicitFileType = wrapper.framework; includeInIndex = 0; path = Pods_Cache.framework; sourceTree = BUILT_PRODUCTS_DIR; };
/* End PBXFileReference section */

/* Begin PBXFrameworksBuildPhase section */
		B55ADBE5202F59E600092F4D /* Frameworks */ = {
			isa = PBXFrameworksBuildPhase;
			buildActionMask = 2147483647;
			files = (
				677D3DE1FE68ADADCF286A91 /* Pods_Cache.framework in Frameworks */,
			);
			runOnlyForDeploymentPostprocessing = 0;
		};
		B55ADBF9202F59E600092F4D /* Frameworks */ = {
			isa = PBXFrameworksBuildPhase;
			buildActionMask = 2147483647;
			files = (
				084C7C738A13A4E41A82413B /* Pods_CacheTests.framework in Frameworks */,
			);
			runOnlyForDeploymentPostprocessing = 0;
		};
/* End PBXFrameworksBuildPhase section */

/* Begin PBXGroup section */
		0DA95872BE03E6B3CA6BBA2F /* Frameworks */ = {
			isa = PBXGroup;
			children = (
				E8054C9E8CFBD35EEE295435 /* Pods_Cache.framework */,
				1F5B9E18C2ACA16E85D82256 /* Pods_CacheTests.framework */,
			);
			name = Frameworks;
			sourceTree = "<group>";
		};
		6C9E098C2F462DCE2CCD39FC /* Pods */ = {
			isa = PBXGroup;
			children = (
				51800B35B8762DADD462360D /* Pods-Cache.debug.xcconfig */,
				149680718DF7D5D14FB673DB /* Pods-Cache.release.xcconfig */,
				3D5DE753E6B30225389F11E9 /* Pods-CacheTests.debug.xcconfig */,
				505FB3ED16C6D848ABFF0C6F /* Pods-CacheTests.release.xcconfig */,
			);
			name = Pods;
			sourceTree = "<group>";
		};
		B55ADBDF202F59E600092F4D = {
			isa = PBXGroup;
			children = (
				B55ADBEA202F59E600092F4D /* Cache */,
				B55ADBFF202F59E600092F4D /* CacheTests */,
				B55ADBE9202F59E600092F4D /* Products */,
				6C9E098C2F462DCE2CCD39FC /* Pods */,
				0DA95872BE03E6B3CA6BBA2F /* Frameworks */,
			);
			sourceTree = "<group>";
		};
		B55ADBE9202F59E600092F4D /* Products */ = {
			isa = PBXGroup;
			children = (
				B55ADBE8202F59E600092F4D /* Cache.app */,
				B55ADBFC202F59E600092F4D /* CacheTests.xctest */,
			);
			name = Products;
			sourceTree = "<group>";
		};
		B55ADBEA202F59E600092F4D /* Cache */ = {
			isa = PBXGroup;
			children = (
				B55ADC202039F27B00092F4D /* Cache.entitlements */,
				B55ADC1020310F1F00092F4D /* Models */,
				B55ADC0F20310F1200092F4D /* Views */,
				B55ADC0E20310F0000092F4D /* Controllers */,
				B55ADC0B202F77FF00092F4D /* Helpers */,
				B55ADBEB202F59E600092F4D /* AppDelegate.swift */,
				B55ADBEF202F59E600092F4D /* Main.storyboard */,
				B55ADBF2202F59E600092F4D /* Assets.xcassets */,
				B55ADBF4202F59E600092F4D /* LaunchScreen.storyboard */,
				B55ADBF7202F59E600092F4D /* Info.plist */,
				B55ADC1D2039EF3900092F4D /* GoogleService-Info.plist */,
			);
			path = Cache;
			sourceTree = "<group>";
		};
		B55ADBFF202F59E600092F4D /* CacheTests */ = {
			isa = PBXGroup;
			children = (
				B55ADC00202F59E600092F4D /* CacheTests.swift */,
				B55ADC02202F59E600092F4D /* Info.plist */,
			);
			path = CacheTests;
			sourceTree = "<group>";
		};
		B55ADC0B202F77FF00092F4D /* Helpers */ = {
			isa = PBXGroup;
			children = (
				B5F53281203E9E8E00A147AE /* Enums.swift */,
				B55ADC0C202F782B00092F4D /* UIExtension.swift */,
			);
			path = Helpers;
			sourceTree = "<group>";
		};
		B55ADC0E20310F0000092F4D /* Controllers */ = {
			isa = PBXGroup;
			children = (
				B55ADBED202F59E600092F4D /* MainVC.swift */,
				B55ADC19203111B800092F4D /* ActivityVC.swift */,
				B55ADC1B2036B1C600092F4D /* ConfirmationVC.swift */,
				B55ADC21203A84C700092F4D /* LoginVC.swift */,
			);
			path = Controllers;
			sourceTree = "<group>";
		};
		B55ADC0F20310F1200092F4D /* Views */ = {
			isa = PBXGroup;
			children = (
			);
			path = Views;
			sourceTree = "<group>";
		};
		B55ADC1020310F1F00092F4D /* Models */ = {
			isa = PBXGroup;
			children = (
				B55ADC152031104500092F4D /* ActivityCollectionCell.swift */,
				B55ADC172031107C00092F4D /* ActivityTableCell.swift */,
			);
			path = Models;
			sourceTree = "<group>";
		};
/* End PBXGroup section */

/* Begin PBXNativeTarget section */
		B55ADBE7202F59E600092F4D /* Cache */ = {
			isa = PBXNativeTarget;
			buildConfigurationList = B55ADC05202F59E600092F4D /* Build configuration list for PBXNativeTarget "Cache" */;
			buildPhases = (
				CF162996A95BFCC565BF9A34 /* [CP] Check Pods Manifest.lock */,
				B55ADBE4202F59E600092F4D /* Sources */,
				B55ADBE5202F59E600092F4D /* Frameworks */,
				B55ADBE6202F59E600092F4D /* Resources */,
				F60882801DB9846910DC367E /* [CP] Embed Pods Frameworks */,
				46FCABE9A95EF073102DFEAD /* [CP] Copy Pods Resources */,
			);
			buildRules = (
			);
			dependencies = (
			);
			name = Cache;
			productName = Cache;
			productReference = B55ADBE8202F59E600092F4D /* Cache.app */;
			productType = "com.apple.product-type.application";
		};
		B55ADBFB202F59E600092F4D /* CacheTests */ = {
			isa = PBXNativeTarget;
			buildConfigurationList = B55ADC08202F59E600092F4D /* Build configuration list for PBXNativeTarget "CacheTests" */;
			buildPhases = (
				D9ECD1A0179644F3F5177286 /* [CP] Check Pods Manifest.lock */,
				B55ADBF8202F59E600092F4D /* Sources */,
				B55ADBF9202F59E600092F4D /* Frameworks */,
				B55ADBFA202F59E600092F4D /* Resources */,
				69FDD74CECBAD36B8FBBAE3D /* [CP] Embed Pods Frameworks */,
				DDAE97E945ED0501F8E0B187 /* [CP] Copy Pods Resources */,
			);
			buildRules = (
			);
			dependencies = (
				B55ADBFE202F59E600092F4D /* PBXTargetDependency */,
			);
			name = CacheTests;
			productName = CacheTests;
			productReference = B55ADBFC202F59E600092F4D /* CacheTests.xctest */;
			productType = "com.apple.product-type.bundle.unit-test";
		};
/* End PBXNativeTarget section */

/* Begin PBXProject section */
		B55ADBE0202F59E600092F4D /* Project object */ = {
			isa = PBXProject;
			attributes = {
				LastSwiftUpdateCheck = 0920;
				LastUpgradeCheck = 0920;
				ORGANIZATIONNAME = "Jefffrey Santana";
				TargetAttributes = {
					B55ADBE7202F59E600092F4D = {
						CreatedOnToolsVersion = 9.2;
						ProvisioningStyle = Automatic;
						SystemCapabilities = {
							com.apple.Push = {
								enabled = 1;
							};
						};
					};
					B55ADBFB202F59E600092F4D = {
						CreatedOnToolsVersion = 9.2;
						ProvisioningStyle = Automatic;
						TestTargetID = B55ADBE7202F59E600092F4D;
					};
				};
			};
			buildConfigurationList = B55ADBE3202F59E600092F4D /* Build configuration list for PBXProject "Cache" */;
			compatibilityVersion = "Xcode 8.0";
			developmentRegion = en;
			hasScannedForEncodings = 0;
			knownRegions = (
				en,
				Base,
			);
			mainGroup = B55ADBDF202F59E600092F4D;
			productRefGroup = B55ADBE9202F59E600092F4D /* Products */;
			projectDirPath = "";
			projectRoot = "";
			targets = (
				B55ADBE7202F59E600092F4D /* Cache */,
				B55ADBFB202F59E600092F4D /* CacheTests */,
			);
		};
/* End PBXProject section */

/* Begin PBXResourcesBuildPhase section */
		B55ADBE6202F59E600092F4D /* Resources */ = {
			isa = PBXResourcesBuildPhase;
			buildActionMask = 2147483647;
			files = (
				B55ADBF6202F59E600092F4D /* LaunchScreen.storyboard in Resources */,
				B55ADBF3202F59E600092F4D /* Assets.xcassets in Resources */,
				B55ADBF1202F59E600092F4D /* Main.storyboard in Resources */,
				B55ADC1E2039EF3900092F4D /* GoogleService-Info.plist in Resources */,
			);
			runOnlyForDeploymentPostprocessing = 0;
		};
		B55ADBFA202F59E600092F4D /* Resources */ = {
			isa = PBXResourcesBuildPhase;
			buildActionMask = 2147483647;
			files = (
				B55ADC1F2039EF3900092F4D /* GoogleService-Info.plist in Resources */,
			);
			runOnlyForDeploymentPostprocessing = 0;
		};
/* End PBXResourcesBuildPhase section */

/* Begin PBXShellScriptBuildPhase section */
		46FCABE9A95EF073102DFEAD /* [CP] Copy Pods Resources */ = {
			isa = PBXShellScriptBuildPhase;
			buildActionMask = 2147483647;
			files = (
			);
			inputPaths = (
			);
			name = "[CP] Copy Pods Resources";
			outputPaths = (
			);
			runOnlyForDeploymentPostprocessing = 0;
			shellPath = /bin/sh;
			shellScript = "\"${SRCROOT}/Pods/Target Support Files/Pods-Cache/Pods-Cache-resources.sh\"\n";
			showEnvVarsInLog = 0;
		};
		69FDD74CECBAD36B8FBBAE3D /* [CP] Embed Pods Frameworks */ = {
			isa = PBXShellScriptBuildPhase;
			buildActionMask = 2147483647;
			files = (
			);
			inputPaths = (
				"${SRCROOT}/Pods/Target Support Files/Pods-CacheTests/Pods-CacheTests-frameworks.sh",
				"${BUILT_PRODUCTS_DIR}/GTMSessionFetcher/GTMSessionFetcher.framework",
				"${BUILT_PRODUCTS_DIR}/GoogleToolboxForMac/GoogleToolboxForMac.framework",
				"${BUILT_PRODUCTS_DIR}/PhoneNumberKit/PhoneNumberKit.framework",
				"${BUILT_PRODUCTS_DIR}/nanopb/nanopb.framework",
			);
			name = "[CP] Embed Pods Frameworks";
			outputPaths = (
				"${TARGET_BUILD_DIR}/${FRAMEWORKS_FOLDER_PATH}/GTMSessionFetcher.framework",
				"${TARGET_BUILD_DIR}/${FRAMEWORKS_FOLDER_PATH}/GoogleToolboxForMac.framework",
				"${TARGET_BUILD_DIR}/${FRAMEWORKS_FOLDER_PATH}/PhoneNumberKit.framework",
				"${TARGET_BUILD_DIR}/${FRAMEWORKS_FOLDER_PATH}/nanopb.framework",
			);
			runOnlyForDeploymentPostprocessing = 0;
			shellPath = /bin/sh;
			shellScript = "\"${SRCROOT}/Pods/Target Support Files/Pods-CacheTests/Pods-CacheTests-frameworks.sh\"\n";
			showEnvVarsInLog = 0;
		};
		CF162996A95BFCC565BF9A34 /* [CP] Check Pods Manifest.lock */ = {
			isa = PBXShellScriptBuildPhase;
			buildActionMask = 2147483647;
			files = (
			);
			inputPaths = (
				"${PODS_PODFILE_DIR_PATH}/Podfile.lock",
				"${PODS_ROOT}/Manifest.lock",
			);
			name = "[CP] Check Pods Manifest.lock";
			outputPaths = (
				"$(DERIVED_FILE_DIR)/Pods-Cache-checkManifestLockResult.txt",
			);
			runOnlyForDeploymentPostprocessing = 0;
			shellPath = /bin/sh;
			shellScript = "diff \"${PODS_PODFILE_DIR_PATH}/Podfile.lock\" \"${PODS_ROOT}/Manifest.lock\" > /dev/null\nif [ $? != 0 ] ; then\n    # print error to STDERR\n    echo \"error: The sandbox is not in sync with the Podfile.lock. Run 'pod install' or update your CocoaPods installation.\" >&2\n    exit 1\nfi\n# This output is used by Xcode 'outputs' to avoid re-running this script phase.\necho \"SUCCESS\" > \"${SCRIPT_OUTPUT_FILE_0}\"\n";
			showEnvVarsInLog = 0;
		};
		D9ECD1A0179644F3F5177286 /* [CP] Check Pods Manifest.lock */ = {
			isa = PBXShellScriptBuildPhase;
			buildActionMask = 2147483647;
			files = (
			);
			inputPaths = (
				"${PODS_PODFILE_DIR_PATH}/Podfile.lock",
				"${PODS_ROOT}/Manifest.lock",
			);
			name = "[CP] Check Pods Manifest.lock";
			outputPaths = (
				"$(DERIVED_FILE_DIR)/Pods-CacheTests-checkManifestLockResult.txt",
			);
			runOnlyForDeploymentPostprocessing = 0;
			shellPath = /bin/sh;
			shellScript = "diff \"${PODS_PODFILE_DIR_PATH}/Podfile.lock\" \"${PODS_ROOT}/Manifest.lock\" > /dev/null\nif [ $? != 0 ] ; then\n    # print error to STDERR\n    echo \"error: The sandbox is not in sync with the Podfile.lock. Run 'pod install' or update your CocoaPods installation.\" >&2\n    exit 1\nfi\n# This output is used by Xcode 'outputs' to avoid re-running this script phase.\necho \"SUCCESS\" > \"${SCRIPT_OUTPUT_FILE_0}\"\n";
			showEnvVarsInLog = 0;
		};
		DDAE97E945ED0501F8E0B187 /* [CP] Copy Pods Resources */ = {
			isa = PBXShellScriptBuildPhase;
			buildActionMask = 2147483647;
			files = (
			);
			inputPaths = (
			);
			name = "[CP] Copy Pods Resources";
			outputPaths = (
			);
			runOnlyForDeploymentPostprocessing = 0;
			shellPath = /bin/sh;
			shellScript = "\"${SRCROOT}/Pods/Target Support Files/Pods-CacheTests/Pods-CacheTests-resources.sh\"\n";
			showEnvVarsInLog = 0;
		};
		F60882801DB9846910DC367E /* [CP] Embed Pods Frameworks */ = {
			isa = PBXShellScriptBuildPhase;
			buildActionMask = 2147483647;
			files = (
			);
			inputPaths = (
				"${SRCROOT}/Pods/Target Support Files/Pods-Cache/Pods-Cache-frameworks.sh",
				"${BUILT_PRODUCTS_DIR}/GTMSessionFetcher/GTMSessionFetcher.framework",
				"${BUILT_PRODUCTS_DIR}/GoogleToolboxForMac/GoogleToolboxForMac.framework",
				"${BUILT_PRODUCTS_DIR}/PhoneNumberKit/PhoneNumberKit.framework",
				"${BUILT_PRODUCTS_DIR}/nanopb/nanopb.framework",
			);
			name = "[CP] Embed Pods Frameworks";
			outputPaths = (
				"${TARGET_BUILD_DIR}/${FRAMEWORKS_FOLDER_PATH}/GTMSessionFetcher.framework",
				"${TARGET_BUILD_DIR}/${FRAMEWORKS_FOLDER_PATH}/GoogleToolboxForMac.framework",
				"${TARGET_BUILD_DIR}/${FRAMEWORKS_FOLDER_PATH}/PhoneNumberKit.framework",
				"${TARGET_BUILD_DIR}/${FRAMEWORKS_FOLDER_PATH}/nanopb.framework",
			);
			runOnlyForDeploymentPostprocessing = 0;
			shellPath = /bin/sh;
			shellScript = "\"${SRCROOT}/Pods/Target Support Files/Pods-Cache/Pods-Cache-frameworks.sh\"\n";
			showEnvVarsInLog = 0;
		};
/* End PBXShellScriptBuildPhase section */

/* Begin PBXSourcesBuildPhase section */
		B55ADBE4202F59E600092F4D /* Sources */ = {
			isa = PBXSourcesBuildPhase;
			buildActionMask = 2147483647;
			files = (
				B55ADBEE202F59E600092F4D /* MainVC.swift in Sources */,
				B55ADC0D202F782B00092F4D /* UIExtension.swift in Sources */,
				B55ADC22203A84C700092F4D /* LoginVC.swift in Sources */,
				B55ADC162031104500092F4D /* ActivityCollectionCell.swift in Sources */,
				B55ADC1A203111B800092F4D /* ActivityVC.swift in Sources */,
				B55ADC182031107C00092F4D /* ActivityTableCell.swift in Sources */,
				B55ADC1C2036B1C600092F4D /* ConfirmationVC.swift in Sources */,
				B5F53282203E9E8E00A147AE /* Enums.swift in Sources */,
				B55ADBEC202F59E600092F4D /* AppDelegate.swift in Sources */,
			);
			runOnlyForDeploymentPostprocessing = 0;
		};
		B55ADBF8202F59E600092F4D /* Sources */ = {
			isa = PBXSourcesBuildPhase;
			buildActionMask = 2147483647;
			files = (
				B55ADC01202F59E600092F4D /* CacheTests.swift in Sources */,
			);
			runOnlyForDeploymentPostprocessing = 0;
		};
/* End PBXSourcesBuildPhase section */

/* Begin PBXTargetDependency section */
		B55ADBFE202F59E600092F4D /* PBXTargetDependency */ = {
			isa = PBXTargetDependency;
			target = B55ADBE7202F59E600092F4D /* Cache */;
			targetProxy = B55ADBFD202F59E600092F4D /* PBXContainerItemProxy */;
		};
/* End PBXTargetDependency section */

/* Begin PBXVariantGroup section */
		B55ADBEF202F59E600092F4D /* Main.storyboard */ = {
			isa = PBXVariantGroup;
			children = (
				B55ADBF0202F59E600092F4D /* Base */,
			);
			name = Main.storyboard;
			sourceTree = "<group>";
		};
		B55ADBF4202F59E600092F4D /* LaunchScreen.storyboard */ = {
			isa = PBXVariantGroup;
			children = (
				B55ADBF5202F59E600092F4D /* Base */,
			);
			name = LaunchScreen.storyboard;
			sourceTree = "<group>";
		};
/* End PBXVariantGroup section */

/* Begin XCBuildConfiguration section */
		B55ADC03202F59E600092F4D /* Debug */ = {
			isa = XCBuildConfiguration;
			buildSettings = {
				ALWAYS_SEARCH_USER_PATHS = NO;
				CLANG_ANALYZER_NONNULL = YES;
				CLANG_ANALYZER_NUMBER_OBJECT_CONVERSION = YES_AGGRESSIVE;
				CLANG_CXX_LANGUAGE_STANDARD = "gnu++14";
				CLANG_CXX_LIBRARY = "libc++";
				CLANG_ENABLE_MODULES = YES;
				CLANG_ENABLE_OBJC_ARC = YES;
				CLANG_WARN_BLOCK_CAPTURE_AUTORELEASING = YES;
				CLANG_WARN_BOOL_CONVERSION = YES;
				CLANG_WARN_COMMA = YES;
				CLANG_WARN_CONSTANT_CONVERSION = YES;
				CLANG_WARN_DIRECT_OBJC_ISA_USAGE = YES_ERROR;
				CLANG_WARN_DOCUMENTATION_COMMENTS = YES;
				CLANG_WARN_EMPTY_BODY = YES;
				CLANG_WARN_ENUM_CONVERSION = YES;
				CLANG_WARN_INFINITE_RECURSION = YES;
				CLANG_WARN_INT_CONVERSION = YES;
				CLANG_WARN_NON_LITERAL_NULL_CONVERSION = YES;
				CLANG_WARN_OBJC_LITERAL_CONVERSION = YES;
				CLANG_WARN_OBJC_ROOT_CLASS = YES_ERROR;
				CLANG_WARN_RANGE_LOOP_ANALYSIS = YES;
				CLANG_WARN_STRICT_PROTOTYPES = YES;
				CLANG_WARN_SUSPICIOUS_MOVE = YES;
				CLANG_WARN_UNGUARDED_AVAILABILITY = YES_AGGRESSIVE;
				CLANG_WARN_UNREACHABLE_CODE = YES;
				CLANG_WARN__DUPLICATE_METHOD_MATCH = YES;
				CODE_SIGN_IDENTITY = "iPhone Developer";
				COPY_PHASE_STRIP = NO;
				DEBUG_INFORMATION_FORMAT = dwarf;
				ENABLE_STRICT_OBJC_MSGSEND = YES;
				ENABLE_TESTABILITY = YES;
				GCC_C_LANGUAGE_STANDARD = gnu11;
				GCC_DYNAMIC_NO_PIC = NO;
				GCC_NO_COMMON_BLOCKS = YES;
				GCC_OPTIMIZATION_LEVEL = 0;
				GCC_PREPROCESSOR_DEFINITIONS = (
					"DEBUG=1",
					"$(inherited)",
				);
				GCC_WARN_64_TO_32_BIT_CONVERSION = YES;
				GCC_WARN_ABOUT_RETURN_TYPE = YES_ERROR;
				GCC_WARN_UNDECLARED_SELECTOR = YES;
				GCC_WARN_UNINITIALIZED_AUTOS = YES_AGGRESSIVE;
				GCC_WARN_UNUSED_FUNCTION = YES;
				GCC_WARN_UNUSED_VARIABLE = YES;
				IPHONEOS_DEPLOYMENT_TARGET = 11.2;
				MTL_ENABLE_DEBUG_INFO = YES;
				ONLY_ACTIVE_ARCH = YES;
				SDKROOT = iphoneos;
				SWIFT_ACTIVE_COMPILATION_CONDITIONS = DEBUG;
				SWIFT_OPTIMIZATION_LEVEL = "-Onone";
			};
			name = Debug;
		};
		B55ADC04202F59E600092F4D /* Release */ = {
			isa = XCBuildConfiguration;
			buildSettings = {
				ALWAYS_SEARCH_USER_PATHS = NO;
				CLANG_ANALYZER_NONNULL = YES;
				CLANG_ANALYZER_NUMBER_OBJECT_CONVERSION = YES_AGGRESSIVE;
				CLANG_CXX_LANGUAGE_STANDARD = "gnu++14";
				CLANG_CXX_LIBRARY = "libc++";
				CLANG_ENABLE_MODULES = YES;
				CLANG_ENABLE_OBJC_ARC = YES;
				CLANG_WARN_BLOCK_CAPTURE_AUTORELEASING = YES;
				CLANG_WARN_BOOL_CONVERSION = YES;
				CLANG_WARN_COMMA = YES;
				CLANG_WARN_CONSTANT_CONVERSION = YES;
				CLANG_WARN_DIRECT_OBJC_ISA_USAGE = YES_ERROR;
				CLANG_WARN_DOCUMENTATION_COMMENTS = YES;
				CLANG_WARN_EMPTY_BODY = YES;
				CLANG_WARN_ENUM_CONVERSION = YES;
				CLANG_WARN_INFINITE_RECURSION = YES;
				CLANG_WARN_INT_CONVERSION = YES;
				CLANG_WARN_NON_LITERAL_NULL_CONVERSION = YES;
				CLANG_WARN_OBJC_LITERAL_CONVERSION = YES;
				CLANG_WARN_OBJC_ROOT_CLASS = YES_ERROR;
				CLANG_WARN_RANGE_LOOP_ANALYSIS = YES;
				CLANG_WARN_STRICT_PROTOTYPES = YES;
				CLANG_WARN_SUSPICIOUS_MOVE = YES;
				CLANG_WARN_UNGUARDED_AVAILABILITY = YES_AGGRESSIVE;
				CLANG_WARN_UNREACHABLE_CODE = YES;
				CLANG_WARN__DUPLICATE_METHOD_MATCH = YES;
				CODE_SIGN_IDENTITY = "iPhone Developer";
				COPY_PHASE_STRIP = NO;
				DEBUG_INFORMATION_FORMAT = "dwarf-with-dsym";
				ENABLE_NS_ASSERTIONS = NO;
				ENABLE_STRICT_OBJC_MSGSEND = YES;
				GCC_C_LANGUAGE_STANDARD = gnu11;
				GCC_NO_COMMON_BLOCKS = YES;
				GCC_WARN_64_TO_32_BIT_CONVERSION = YES;
				GCC_WARN_ABOUT_RETURN_TYPE = YES_ERROR;
				GCC_WARN_UNDECLARED_SELECTOR = YES;
				GCC_WARN_UNINITIALIZED_AUTOS = YES_AGGRESSIVE;
				GCC_WARN_UNUSED_FUNCTION = YES;
				GCC_WARN_UNUSED_VARIABLE = YES;
				IPHONEOS_DEPLOYMENT_TARGET = 11.2;
				MTL_ENABLE_DEBUG_INFO = NO;
				SDKROOT = iphoneos;
				SWIFT_OPTIMIZATION_LEVEL = "-Owholemodule";
				VALIDATE_PRODUCT = YES;
			};
			name = Release;
		};
		B55ADC06202F59E600092F4D /* Debug */ = {
			isa = XCBuildConfiguration;
			baseConfigurationReference = 51800B35B8762DADD462360D /* Pods-Cache.debug.xcconfig */;
			buildSettings = {
				ASSETCATALOG_COMPILER_APPICON_NAME = AppIcon;
				CODE_SIGN_ENTITLEMENTS = Cache/Cache.entitlements;
				CODE_SIGN_STYLE = Automatic;
				DEVELOPMENT_TEAM = PD94K2S3RY;
				INFOPLIST_FILE = Cache/Info.plist;
				LD_RUNPATH_SEARCH_PATHS = "$(inherited) @executable_path/Frameworks";
				PRODUCT_BUNDLE_IDENTIFIER = "com.Square-Built.Cache";
				PRODUCT_NAME = "$(TARGET_NAME)";
				SWIFT_VERSION = 4.0;
				TARGETED_DEVICE_FAMILY = "1,2";
			};
			name = Debug;
		};
		B55ADC07202F59E600092F4D /* Release */ = {
			isa = XCBuildConfiguration;
			baseConfigurationReference = 149680718DF7D5D14FB673DB /* Pods-Cache.release.xcconfig */;
			buildSettings = {
				ASSETCATALOG_COMPILER_APPICON_NAME = AppIcon;
				CODE_SIGN_ENTITLEMENTS = Cache/Cache.entitlements;
				CODE_SIGN_STYLE = Automatic;
				DEVELOPMENT_TEAM = PD94K2S3RY;
				INFOPLIST_FILE = Cache/Info.plist;
				LD_RUNPATH_SEARCH_PATHS = "$(inherited) @executable_path/Frameworks";
				PRODUCT_BUNDLE_IDENTIFIER = "com.Square-Built.Cache";
				PRODUCT_NAME = "$(TARGET_NAME)";
				SWIFT_VERSION = 4.0;
				TARGETED_DEVICE_FAMILY = "1,2";
			};
			name = Release;
		};
		B55ADC09202F59E600092F4D /* Debug */ = {
			isa = XCBuildConfiguration;
			baseConfigurationReference = 3D5DE753E6B30225389F11E9 /* Pods-CacheTests.debug.xcconfig */;
			buildSettings = {
				ALWAYS_EMBED_SWIFT_STANDARD_LIBRARIES = YES;
				BUNDLE_LOADER = "$(TEST_HOST)";
				CODE_SIGN_STYLE = Automatic;
				DEVELOPMENT_TEAM = PD94K2S3RY;
				INFOPLIST_FILE = CacheTests/Info.plist;
				LD_RUNPATH_SEARCH_PATHS = "$(inherited) @executable_path/Frameworks @loader_path/Frameworks";
				PRODUCT_BUNDLE_IDENTIFIER = "com.Square-Built.CacheTests";
				PRODUCT_NAME = "$(TARGET_NAME)";
				SWIFT_VERSION = 4.0;
				TARGETED_DEVICE_FAMILY = "1,2";
				TEST_HOST = "$(BUILT_PRODUCTS_DIR)/Cache.app/Cache";
			};
			name = Debug;
		};
		B55ADC0A202F59E600092F4D /* Release */ = {
			isa = XCBuildConfiguration;
			baseConfigurationReference = 505FB3ED16C6D848ABFF0C6F /* Pods-CacheTests.release.xcconfig */;
			buildSettings = {
				ALWAYS_EMBED_SWIFT_STANDARD_LIBRARIES = YES;
				BUNDLE_LOADER = "$(TEST_HOST)";
				CODE_SIGN_STYLE = Automatic;
				DEVELOPMENT_TEAM = PD94K2S3RY;
				INFOPLIST_FILE = CacheTests/Info.plist;
				LD_RUNPATH_SEARCH_PATHS = "$(inherited) @executable_path/Frameworks @loader_path/Frameworks";
				PRODUCT_BUNDLE_IDENTIFIER = "com.Square-Built.CacheTests";
				PRODUCT_NAME = "$(TARGET_NAME)";
				SWIFT_VERSION = 4.0;
				TARGETED_DEVICE_FAMILY = "1,2";
				TEST_HOST = "$(BUILT_PRODUCTS_DIR)/Cache.app/Cache";
			};
			name = Release;
		};
/* End XCBuildConfiguration section */

/* Begin XCConfigurationList section */
		B55ADBE3202F59E600092F4D /* Build configuration list for PBXProject "Cache" */ = {
			isa = XCConfigurationList;
			buildConfigurations = (
				B55ADC03202F59E600092F4D /* Debug */,
				B55ADC04202F59E600092F4D /* Release */,
			);
			defaultConfigurationIsVisible = 0;
			defaultConfigurationName = Release;
		};
		B55ADC05202F59E600092F4D /* Build configuration list for PBXNativeTarget "Cache" */ = {
			isa = XCConfigurationList;
			buildConfigurations = (
				B55ADC06202F59E600092F4D /* Debug */,
				B55ADC07202F59E600092F4D /* Release */,
			);
			defaultConfigurationIsVisible = 0;
			defaultConfigurationName = Release;
		};
		B55ADC08202F59E600092F4D /* Build configuration list for PBXNativeTarget "CacheTests" */ = {
			isa = XCConfigurationList;
			buildConfigurations = (
				B55ADC09202F59E600092F4D /* Debug */,
				B55ADC0A202F59E600092F4D /* Release */,
			);
			defaultConfigurationIsVisible = 0;
			defaultConfigurationName = Release;
		};
/* End XCConfigurationList section */
	};
	rootObject = B55ADBE0202F59E600092F4D /* Project object */;
}
