// !$*UTF8*$!
{
	archiveVersion = 1;
	classes = {
	};
	objectVersion = 48;
	objects = {

/* Begin PBXBuildFile section */
		5CBB0C5F10708773AF04C2A6 /* Pods_Cache.framework in Frameworks */ = {isa = PBXBuildFile; fileRef = A740EFB31AA5A751131D4D16 /* Pods_Cache.framework */; };
		8C3C394B0EABBC6926FC787D /* Pods_CacheTests.framework in Frameworks */ = {isa = PBXBuildFile; fileRef = EDFD0D64F9AD16650F5E3971 /* Pods_CacheTests.framework */; };
		B50915A020858C2B00F44EE9 /* DataCloudService.swift in Sources */ = {isa = PBXBuildFile; fileRef = B509159F20858C2B00F44EE9 /* DataCloudService.swift */; };
		B50915A22085945900F44EE9 /* UserDetails.swift in Sources */ = {isa = PBXBuildFile; fileRef = B50915A12085945900F44EE9 /* UserDetails.swift */; };
		B50EBAE7204231B60049DC3F /* DataService.swift in Sources */ = {isa = PBXBuildFile; fileRef = B50EBAE6204231B60049DC3F /* DataService.swift */; };
		B50EBB0F2058E4EE0049DC3F /* TransferDetails.swift in Sources */ = {isa = PBXBuildFile; fileRef = B50EBB0E2058E4EE0049DC3F /* TransferDetails.swift */; };
		B50EBB112058FA2E0049DC3F /* AuthService.swift in Sources */ = {isa = PBXBuildFile; fileRef = B50EBB102058FA2E0049DC3F /* AuthService.swift */; };
		B50EBB13205906780049DC3F /* CashtagVC.swift in Sources */ = {isa = PBXBuildFile; fileRef = B50EBB12205906780049DC3F /* CashtagVC.swift */; };
		B50EBB15205A0C9C0049DC3F /* UIViewExtension.swift in Sources */ = {isa = PBXBuildFile; fileRef = B50EBB14205A0C9C0049DC3F /* UIViewExtension.swift */; };
		B55ADBEC202F59E600092F4D /* AppDelegate.swift in Sources */ = {isa = PBXBuildFile; fileRef = B55ADBEB202F59E600092F4D /* AppDelegate.swift */; };
		B55ADBEE202F59E600092F4D /* MainVC.swift in Sources */ = {isa = PBXBuildFile; fileRef = B55ADBED202F59E600092F4D /* MainVC.swift */; };
		B55ADBF1202F59E600092F4D /* Main.storyboard in Resources */ = {isa = PBXBuildFile; fileRef = B55ADBEF202F59E600092F4D /* Main.storyboard */; };
		B55ADBF3202F59E600092F4D /* Assets.xcassets in Resources */ = {isa = PBXBuildFile; fileRef = B55ADBF2202F59E600092F4D /* Assets.xcassets */; };
		B55ADBF6202F59E600092F4D /* LaunchScreen.storyboard in Resources */ = {isa = PBXBuildFile; fileRef = B55ADBF4202F59E600092F4D /* LaunchScreen.storyboard */; };
		B55ADC01202F59E600092F4D /* CacheTests.swift in Sources */ = {isa = PBXBuildFile; fileRef = B55ADC00202F59E600092F4D /* CacheTests.swift */; };
		B55ADC0D202F782B00092F4D /* UIExtension.swift in Sources */ = {isa = PBXBuildFile; fileRef = B55ADC0C202F782B00092F4D /* UIExtension.swift */; };
		B55ADC162031104500092F4D /* ActivityCollectionCell.swift in Sources */ = {isa = PBXBuildFile; fileRef = B55ADC152031104500092F4D /* ActivityCollectionCell.swift */; };
		B55ADC182031107C00092F4D /* ActivityTableCell.swift in Sources */ = {isa = PBXBuildFile; fileRef = B55ADC172031107C00092F4D /* ActivityTableCell.swift */; };
		B55ADC1A203111B800092F4D /* ActivityVC.swift in Sources */ = {isa = PBXBuildFile; fileRef = B55ADC19203111B800092F4D /* ActivityVC.swift */; };
		B55ADC1C2036B1C600092F4D /* ConfirmationVC.swift in Sources */ = {isa = PBXBuildFile; fileRef = B55ADC1B2036B1C600092F4D /* ConfirmationVC.swift */; };
		B55ADC1E2039EF3900092F4D /* GoogleService-Info.plist in Resources */ = {isa = PBXBuildFile; fileRef = B55ADC1D2039EF3900092F4D /* GoogleService-Info.plist */; };
		B55ADC1F2039EF3900092F4D /* GoogleService-Info.plist in Resources */ = {isa = PBXBuildFile; fileRef = B55ADC1D2039EF3900092F4D /* GoogleService-Info.plist */; };
		B55ADC22203A84C700092F4D /* LoginVC.swift in Sources */ = {isa = PBXBuildFile; fileRef = B55ADC21203A84C700092F4D /* LoginVC.swift */; };
		B5F53282203E9E8E00A147AE /* Enums.swift in Sources */ = {isa = PBXBuildFile; fileRef = B5F53281203E9E8E00A147AE /* Enums.swift */; };
/* End PBXBuildFile section */

/* Begin PBXContainerItemProxy section */
		B55ADBFD202F59E600092F4D /* PBXContainerItemProxy */ = {
			isa = PBXContainerItemProxy;
			containerPortal = B55ADBE0202F59E600092F4D /* Project object */;
			proxyType = 1;
			remoteGlobalIDString = B55ADBE7202F59E600092F4D;
			remoteInfo = Cache;
		};
/* End PBXContainerItemProxy section */

/* Begin PBXFileReference section */
		12D2A6286378B649BF6D09CB /* Pods-CacheTests.debug.xcconfig */ = {isa = PBXFileReference; includeInIndex = 1; lastKnownFileType = text.xcconfig; name = "Pods-CacheTests.debug.xcconfig"; path = "Pods/Target Support Files/Pods-CacheTests/Pods-CacheTests.debug.xcconfig"; sourceTree = "<group>"; };
		3C64EFE84807D86E3FEB2A96 /* Pods-Cache.debug.xcconfig */ = {isa = PBXFileReference; includeInIndex = 1; lastKnownFileType = text.xcconfig; name = "Pods-Cache.debug.xcconfig"; path = "Pods/Target Support Files/Pods-Cache/Pods-Cache.debug.xcconfig"; sourceTree = "<group>"; };
		54ACD488B0426588EB4B22D5 /* Pods-CacheTests.release.xcconfig */ = {isa = PBXFileReference; includeInIndex = 1; lastKnownFileType = text.xcconfig; name = "Pods-CacheTests.release.xcconfig"; path = "Pods/Target Support Files/Pods-CacheTests/Pods-CacheTests.release.xcconfig"; sourceTree = "<group>"; };
		6C251013F0DC78D4DAEDD6F5 /* Pods-Cache.release.xcconfig */ = {isa = PBXFileReference; includeInIndex = 1; lastKnownFileType = text.xcconfig; name = "Pods-Cache.release.xcconfig"; path = "Pods/Target Support Files/Pods-Cache/Pods-Cache.release.xcconfig"; sourceTree = "<group>"; };
		A740EFB31AA5A751131D4D16 /* Pods_Cache.framework */ = {isa = PBXFileReference; explicitFileType = wrapper.framework; includeInIndex = 0; path = Pods_Cache.framework; sourceTree = BUILT_PRODUCTS_DIR; };
		B509159F20858C2B00F44EE9 /* DataCloudService.swift */ = {isa = PBXFileReference; lastKnownFileType = sourcecode.swift; path = DataCloudService.swift; sourceTree = "<group>"; };
		B50915A12085945900F44EE9 /* UserDetails.swift */ = {isa = PBXFileReference; lastKnownFileType = sourcecode.swift; path = UserDetails.swift; sourceTree = "<group>"; };
		B50EBAE6204231B60049DC3F /* DataService.swift */ = {isa = PBXFileReference; lastKnownFileType = sourcecode.swift; path = DataService.swift; sourceTree = "<group>"; };
		B50EBB0E2058E4EE0049DC3F /* TransferDetails.swift */ = {isa = PBXFileReference; lastKnownFileType = sourcecode.swift; path = TransferDetails.swift; sourceTree = "<group>"; };
		B50EBB102058FA2E0049DC3F /* AuthService.swift */ = {isa = PBXFileReference; lastKnownFileType = sourcecode.swift; path = AuthService.swift; sourceTree = "<group>"; };
		B50EBB12205906780049DC3F /* CashtagVC.swift */ = {isa = PBXFileReference; lastKnownFileType = sourcecode.swift; path = CashtagVC.swift; sourceTree = "<group>"; };
		B50EBB14205A0C9C0049DC3F /* UIViewExtension.swift */ = {isa = PBXFileReference; lastKnownFileType = sourcecode.swift; path = UIViewExtension.swift; sourceTree = "<group>"; };
		B55ADBE8202F59E600092F4D /* Cache.app */ = {isa = PBXFileReference; explicitFileType = wrapper.application; includeInIndex = 0; path = Cache.app; sourceTree = BUILT_PRODUCTS_DIR; };
		B55ADBEB202F59E600092F4D /* AppDelegate.swift */ = {isa = PBXFileReference; lastKnownFileType = sourcecode.swift; path = AppDelegate.swift; sourceTree = "<group>"; };
		B55ADBED202F59E600092F4D /* MainVC.swift */ = {isa = PBXFileReference; lastKnownFileType = sourcecode.swift; path = MainVC.swift; sourceTree = "<group>"; };
		B55ADBF0202F59E600092F4D /* Base */ = {isa = PBXFileReference; lastKnownFileType = file.storyboard; name = Base; path = Base.lproj/Main.storyboard; sourceTree = "<group>"; };
		B55ADBF2202F59E600092F4D /* Assets.xcassets */ = {isa = PBXFileReference; lastKnownFileType = folder.assetcatalog; path = Assets.xcassets; sourceTree = "<group>"; };
		B55ADBF5202F59E600092F4D /* Base */ = {isa = PBXFileReference; lastKnownFileType = file.storyboard; name = Base; path = Base.lproj/LaunchScreen.storyboard; sourceTree = "<group>"; };
		B55ADBF7202F59E600092F4D /* Info.plist */ = {isa = PBXFileReference; lastKnownFileType = text.plist.xml; path = Info.plist; sourceTree = "<group>"; };
		B55ADBFC202F59E600092F4D /* CacheTests.xctest */ = {isa = PBXFileReference; explicitFileType = wrapper.cfbundle; includeInIndex = 0; path = CacheTests.xctest; sourceTree = BUILT_PRODUCTS_DIR; };
		B55ADC00202F59E600092F4D /* CacheTests.swift */ = {isa = PBXFileReference; lastKnownFileType = sourcecode.swift; path = CacheTests.swift; sourceTree = "<group>"; };
		B55ADC02202F59E600092F4D /* Info.plist */ = {isa = PBXFileReference; lastKnownFileType = text.plist.xml; path = Info.plist; sourceTree = "<group>"; };
		B55ADC0C202F782B00092F4D /* UIExtension.swift */ = {isa = PBXFileReference; lastKnownFileType = sourcecode.swift; path = UIExtension.swift; sourceTree = "<group>"; };
		B55ADC152031104500092F4D /* ActivityCollectionCell.swift */ = {isa = PBXFileReference; lastKnownFileType = sourcecode.swift; path = ActivityCollectionCell.swift; sourceTree = "<group>"; };
		B55ADC172031107C00092F4D /* ActivityTableCell.swift */ = {isa = PBXFileReference; lastKnownFileType = sourcecode.swift; path = ActivityTableCell.swift; sourceTree = "<group>"; };
		B55ADC19203111B800092F4D /* ActivityVC.swift */ = {isa = PBXFileReference; lastKnownFileType = sourcecode.swift; path = ActivityVC.swift; sourceTree = "<group>"; };
		B55ADC1B2036B1C600092F4D /* ConfirmationVC.swift */ = {isa = PBXFileReference; lastKnownFileType = sourcecode.swift; path = ConfirmationVC.swift; sourceTree = "<group>"; };
		B55ADC1D2039EF3900092F4D /* GoogleService-Info.plist */ = {isa = PBXFileReference; fileEncoding = 4; lastKnownFileType = text.plist.xml; path = "GoogleService-Info.plist"; sourceTree = "<group>"; };
		B55ADC202039F27B00092F4D /* Cache.entitlements */ = {isa = PBXFileReference; lastKnownFileType = text.plist.entitlements; path = Cache.entitlements; sourceTree = "<group>"; };
		B55ADC21203A84C700092F4D /* LoginVC.swift */ = {isa = PBXFileReference; lastKnownFileType = sourcecode.swift; path = LoginVC.swift; sourceTree = "<group>"; };
		B5F53281203E9E8E00A147AE /* Enums.swift */ = {isa = PBXFileReference; lastKnownFileType = sourcecode.swift; name = Enums.swift; path = "/Users/santana/Desktop/iOS Projects/Just Me/Cache/Cache/Helpers/Enums.swift"; sourceTree = "<absolute>"; };
		EDFD0D64F9AD16650F5E3971 /* Pods_CacheTests.framework */ = {isa = PBXFileReference; explicitFileType = wrapper.framework; includeInIndex = 0; path = Pods_CacheTests.framework; sourceTree = BUILT_PRODUCTS_DIR; };
/* End PBXFileReference section */

/* Begin PBXFrameworksBuildPhase section */
		B55ADBE5202F59E600092F4D /* Frameworks */ = {
			isa = PBXFrameworksBuildPhase;
			buildActionMask = 2147483647;
			files = (
				5CBB0C5F10708773AF04C2A6 /* Pods_Cache.framework in Frameworks */,
			);
			runOnlyForDeploymentPostprocessing = 0;
		};
		B55ADBF9202F59E600092F4D /* Frameworks */ = {
			isa = PBXFrameworksBuildPhase;
			buildActionMask = 2147483647;
			files = (
				8C3C394B0EABBC6926FC787D /* Pods_CacheTests.framework in Frameworks */,
			);
			runOnlyForDeploymentPostprocessing = 0;
		};
/* End PBXFrameworksBuildPhase section */

/* Begin PBXGroup section */
		037E0E57EFEF3306069B51E8 /* Frameworks */ = {
			isa = PBXGroup;
			children = (
				A740EFB31AA5A751131D4D16 /* Pods_Cache.framework */,
				EDFD0D64F9AD16650F5E3971 /* Pods_CacheTests.framework */,
			);
			name = Frameworks;
			sourceTree = "<group>";
		};
		B50EBAE52042318A0049DC3F /* Services */ = {
			isa = PBXGroup;
			children = (
				B50EBAE6204231B60049DC3F /* DataService.swift */,
				B50EBB102058FA2E0049DC3F /* AuthService.swift */,
				B509159F20858C2B00F44EE9 /* DataCloudService.swift */,
			);
			path = Services;
			sourceTree = "<group>";
		};
		B55ADBDF202F59E600092F4D = {
			isa = PBXGroup;
			children = (
				B55ADBEA202F59E600092F4D /* Cache */,
				B55ADBFF202F59E600092F4D /* CacheTests */,
				B55ADBE9202F59E600092F4D /* Products */,
				F5B24C20FE0470F22EF0D021 /* Pods */,
				037E0E57EFEF3306069B51E8 /* Frameworks */,
			);
			sourceTree = "<group>";
		};
		B55ADBE9202F59E600092F4D /* Products */ = {
			isa = PBXGroup;
			children = (
				B55ADBE8202F59E600092F4D /* Cache.app */,
				B55ADBFC202F59E600092F4D /* CacheTests.xctest */,
			);
			name = Products;
			sourceTree = "<group>";
		};
		B55ADBEA202F59E600092F4D /* Cache */ = {
			isa = PBXGroup;
			children = (
				B55ADC202039F27B00092F4D /* Cache.entitlements */,
				B55ADC1020310F1F00092F4D /* Models */,
				B55ADC0F20310F1200092F4D /* Views */,
				B55ADC0E20310F0000092F4D /* Controllers */,
				B50EBAE52042318A0049DC3F /* Services */,
				B55ADC0B202F77FF00092F4D /* Helpers */,
				B55ADBEB202F59E600092F4D /* AppDelegate.swift */,
				B55ADBEF202F59E600092F4D /* Main.storyboard */,
				B55ADBF2202F59E600092F4D /* Assets.xcassets */,
				B55ADBF4202F59E600092F4D /* LaunchScreen.storyboard */,
				B55ADBF7202F59E600092F4D /* Info.plist */,
				B55ADC1D2039EF3900092F4D /* GoogleService-Info.plist */,
			);
			path = Cache;
			sourceTree = "<group>";
		};
		B55ADBFF202F59E600092F4D /* CacheTests */ = {
			isa = PBXGroup;
			children = (
				B55ADC00202F59E600092F4D /* CacheTests.swift */,
				B55ADC02202F59E600092F4D /* Info.plist */,
			);
			path = CacheTests;
			sourceTree = "<group>";
		};
		B55ADC0B202F77FF00092F4D /* Helpers */ = {
			isa = PBXGroup;
			children = (
				B5F53281203E9E8E00A147AE /* Enums.swift */,
				B55ADC0C202F782B00092F4D /* UIExtension.swift */,
				B50EBB14205A0C9C0049DC3F /* UIViewExtension.swift */,
			);
			path = Helpers;
			sourceTree = "<group>";
		};
		B55ADC0E20310F0000092F4D /* Controllers */ = {
			isa = PBXGroup;
			children = (
				B55ADBED202F59E600092F4D /* MainVC.swift */,
				B55ADC19203111B800092F4D /* ActivityVC.swift */,
				B55ADC1B2036B1C600092F4D /* ConfirmationVC.swift */,
				B55ADC21203A84C700092F4D /* LoginVC.swift */,
				B50EBB12205906780049DC3F /* CashtagVC.swift */,
			);
			path = Controllers;
			sourceTree = "<group>";
		};
		B55ADC0F20310F1200092F4D /* Views */ = {
			isa = PBXGroup;
			children = (
			);
			path = Views;
			sourceTree = "<group>";
		};
		B55ADC1020310F1F00092F4D /* Models */ = {
			isa = PBXGroup;
			children = (
				B55ADC152031104500092F4D /* ActivityCollectionCell.swift */,
				B55ADC172031107C00092F4D /* ActivityTableCell.swift */,
				B50EBB0E2058E4EE0049DC3F /* TransferDetails.swift */,
				B50915A12085945900F44EE9 /* UserDetails.swift */,
			);
			path = Models;
			sourceTree = "<group>";
		};
		F5B24C20FE0470F22EF0D021 /* Pods */ = {
			isa = PBXGroup;
			children = (
				3C64EFE84807D86E3FEB2A96 /* Pods-Cache.debug.xcconfig */,
				6C251013F0DC78D4DAEDD6F5 /* Pods-Cache.release.xcconfig */,
				12D2A6286378B649BF6D09CB /* Pods-CacheTests.debug.xcconfig */,
				54ACD488B0426588EB4B22D5 /* Pods-CacheTests.release.xcconfig */,
			);
			name = Pods;
			sourceTree = "<group>";
		};
/* End PBXGroup section */

/* Begin PBXNativeTarget section */
		B55ADBE7202F59E600092F4D /* Cache */ = {
			isa = PBXNativeTarget;
			buildConfigurationList = B55ADC05202F59E600092F4D /* Build configuration list for PBXNativeTarget "Cache" */;
			buildPhases = (
				16BDC0A23BF191F8A5281F95 /* [CP] Check Pods Manifest.lock */,
				B55ADBE4202F59E600092F4D /* Sources */,
				B55ADBE5202F59E600092F4D /* Frameworks */,
				B55ADBE6202F59E600092F4D /* Resources */,
				2D5181C266162AD7EF1D479E /* [CP] Embed Pods Frameworks */,
				C196B1E2C2714BEC962717A9 /* [CP] Copy Pods Resources */,
			);
			buildRules = (
			);
			dependencies = (
			);
			name = Cache;
			productName = Cache;
			productReference = B55ADBE8202F59E600092F4D /* Cache.app */;
			productType = "com.apple.product-type.application";
		};
		B55ADBFB202F59E600092F4D /* CacheTests */ = {
			isa = PBXNativeTarget;
			buildConfigurationList = B55ADC08202F59E600092F4D /* Build configuration list for PBXNativeTarget "CacheTests" */;
			buildPhases = (
				470EFFD6A00D57BD9F04AB89 /* [CP] Check Pods Manifest.lock */,
				B55ADBF8202F59E600092F4D /* Sources */,
				B55ADBF9202F59E600092F4D /* Frameworks */,
				B55ADBFA202F59E600092F4D /* Resources */,
				A5ED61B4DDB4CA2F4DFE38DB /* [CP] Embed Pods Frameworks */,
				721ACD9DE960256F539EF3D7 /* [CP] Copy Pods Resources */,
			);
			buildRules = (
			);
			dependencies = (
				B55ADBFE202F59E600092F4D /* PBXTargetDependency */,
			);
			name = CacheTests;
			productName = CacheTests;
			productReference = B55ADBFC202F59E600092F4D /* CacheTests.xctest */;
			productType = "com.apple.product-type.bundle.unit-test";
		};
/* End PBXNativeTarget section */

/* Begin PBXProject section */
		B55ADBE0202F59E600092F4D /* Project object */ = {
			isa = PBXProject;
			attributes = {
				LastSwiftUpdateCheck = 0920;
				LastUpgradeCheck = 0930;
				ORGANIZATIONNAME = "Jefffrey Santana";
				TargetAttributes = {
					B55ADBE7202F59E600092F4D = {
						CreatedOnToolsVersion = 9.2;
						ProvisioningStyle = Automatic;
						SystemCapabilities = {
							com.apple.BackgroundModes = {
								enabled = 1;
							};
							com.apple.Push = {
								enabled = 1;
							};
						};
					};
					B55ADBFB202F59E600092F4D = {
						CreatedOnToolsVersion = 9.2;
						ProvisioningStyle = Automatic;
						TestTargetID = B55ADBE7202F59E600092F4D;
					};
				};
			};
			buildConfigurationList = B55ADBE3202F59E600092F4D /* Build configuration list for PBXProject "Cache" */;
			compatibilityVersion = "Xcode 8.0";
			developmentRegion = en;
			hasScannedForEncodings = 0;
			knownRegions = (
				en,
				Base,
			);
			mainGroup = B55ADBDF202F59E600092F4D;
			productRefGroup = B55ADBE9202F59E600092F4D /* Products */;
			projectDirPath = "";
			projectRoot = "";
			targets = (
				B55ADBE7202F59E600092F4D /* Cache */,
				B55ADBFB202F59E600092F4D /* CacheTests */,
			);
		};
/* End PBXProject section */

/* Begin PBXResourcesBuildPhase section */
		B55ADBE6202F59E600092F4D /* Resources */ = {
			isa = PBXResourcesBuildPhase;
			buildActionMask = 2147483647;
			files = (
				B55ADBF6202F59E600092F4D /* LaunchScreen.storyboard in Resources */,
				B55ADBF3202F59E600092F4D /* Assets.xcassets in Resources */,
				B55ADBF1202F59E600092F4D /* Main.storyboard in Resources */,
				B55ADC1E2039EF3900092F4D /* GoogleService-Info.plist in Resources */,
			);
			runOnlyForDeploymentPostprocessing = 0;
		};
		B55ADBFA202F59E600092F4D /* Resources */ = {
			isa = PBXResourcesBuildPhase;
			buildActionMask = 2147483647;
			files = (
				B55ADC1F2039EF3900092F4D /* GoogleService-Info.plist in Resources */,
			);
			runOnlyForDeploymentPostprocessing = 0;
		};
/* End PBXResourcesBuildPhase section */

/* Begin PBXShellScriptBuildPhase section */
		16BDC0A23BF191F8A5281F95 /* [CP] Check Pods Manifest.lock */ = {
			isa = PBXShellScriptBuildPhase;
			buildActionMask = 2147483647;
			files = (
			);
			inputPaths = (
				"${PODS_PODFILE_DIR_PATH}/Podfile.lock",
				"${PODS_ROOT}/Manifest.lock",
			);
			name = "[CP] Check Pods Manifest.lock";
			outputPaths = (
				"$(DERIVED_FILE_DIR)/Pods-Cache-checkManifestLockResult.txt",
			);
			runOnlyForDeploymentPostprocessing = 0;
			shellPath = /bin/sh;
			shellScript = "diff \"${PODS_PODFILE_DIR_PATH}/Podfile.lock\" \"${PODS_ROOT}/Manifest.lock\" > /dev/null\nif [ $? != 0 ] ; then\n    # print error to STDERR\n    echo \"error: The sandbox is not in sync with the Podfile.lock. Run 'pod install' or update your CocoaPods installation.\" >&2\n    exit 1\nfi\n# This output is used by Xcode 'outputs' to avoid re-running this script phase.\necho \"SUCCESS\" > \"${SCRIPT_OUTPUT_FILE_0}\"\n";
			showEnvVarsInLog = 0;
		};
		2D5181C266162AD7EF1D479E /* [CP] Embed Pods Frameworks */ = {
			isa = PBXShellScriptBuildPhase;
			buildActionMask = 2147483647;
			files = (
			);
			inputPaths = (
				"${SRCROOT}/Pods/Target Support Files/Pods-Cache/Pods-Cache-frameworks.sh",
				"${BUILT_PRODUCTS_DIR}/BoringSSL/openssl.framework",
				"${BUILT_PRODUCTS_DIR}/GTMSessionFetcher/GTMSessionFetcher.framework",
				"${BUILT_PRODUCTS_DIR}/GoogleToolboxForMac/GoogleToolboxForMac.framework",
				"${BUILT_PRODUCTS_DIR}/PhoneNumberKit/PhoneNumberKit.framework",
				"${BUILT_PRODUCTS_DIR}/Protobuf/Protobuf.framework",
				"${BUILT_PRODUCTS_DIR}/gRPC/GRPCClient.framework",
				"${BUILT_PRODUCTS_DIR}/gRPC-Core/grpc.framework",
				"${BUILT_PRODUCTS_DIR}/gRPC-ProtoRPC/ProtoRPC.framework",
				"${BUILT_PRODUCTS_DIR}/gRPC-RxLibrary/RxLibrary.framework",
				"${BUILT_PRODUCTS_DIR}/leveldb-library/leveldb.framework",
				"${BUILT_PRODUCTS_DIR}/nanopb/nanopb.framework",
			);
			name = "[CP] Embed Pods Frameworks";
			outputPaths = (
				"${TARGET_BUILD_DIR}/${FRAMEWORKS_FOLDER_PATH}/openssl.framework",
				"${TARGET_BUILD_DIR}/${FRAMEWORKS_FOLDER_PATH}/GTMSessionFetcher.framework",
				"${TARGET_BUILD_DIR}/${FRAMEWORKS_FOLDER_PATH}/GoogleToolboxForMac.framework",
				"${TARGET_BUILD_DIR}/${FRAMEWORKS_FOLDER_PATH}/PhoneNumberKit.framework",
				"${TARGET_BUILD_DIR}/${FRAMEWORKS_FOLDER_PATH}/Protobuf.framework",
				"${TARGET_BUILD_DIR}/${FRAMEWORKS_FOLDER_PATH}/GRPCClient.framework",
				"${TARGET_BUILD_DIR}/${FRAMEWORKS_FOLDER_PATH}/grpc.framework",
				"${TARGET_BUILD_DIR}/${FRAMEWORKS_FOLDER_PATH}/ProtoRPC.framework",
				"${TARGET_BUILD_DIR}/${FRAMEWORKS_FOLDER_PATH}/RxLibrary.framework",
				"${TARGET_BUILD_DIR}/${FRAMEWORKS_FOLDER_PATH}/leveldb.framework",
				"${TARGET_BUILD_DIR}/${FRAMEWORKS_FOLDER_PATH}/nanopb.framework",
			);
			runOnlyForDeploymentPostprocessing = 0;
			shellPath = /bin/sh;
			shellScript = "\"${SRCROOT}/Pods/Target Support Files/Pods-Cache/Pods-Cache-frameworks.sh\"\n";
			showEnvVarsInLog = 0;
		};
		470EFFD6A00D57BD9F04AB89 /* [CP] Check Pods Manifest.lock */ = {
			isa = PBXShellScriptBuildPhase;
			buildActionMask = 2147483647;
			files = (
			);
			inputPaths = (
				"${PODS_PODFILE_DIR_PATH}/Podfile.lock",
				"${PODS_ROOT}/Manifest.lock",
			);
			name = "[CP] Check Pods Manifest.lock";
			outputPaths = (
				"$(DERIVED_FILE_DIR)/Pods-CacheTests-checkManifestLockResult.txt",
			);
			runOnlyForDeploymentPostprocessing = 0;
			shellPath = /bin/sh;
			shellScript = "diff \"${PODS_PODFILE_DIR_PATH}/Podfile.lock\" \"${PODS_ROOT}/Manifest.lock\" > /dev/null\nif [ $? != 0 ] ; then\n    # print error to STDERR\n    echo \"error: The sandbox is not in sync with the Podfile.lock. Run 'pod install' or update your CocoaPods installation.\" >&2\n    exit 1\nfi\n# This output is used by Xcode 'outputs' to avoid re-running this script phase.\necho \"SUCCESS\" > \"${SCRIPT_OUTPUT_FILE_0}\"\n";
			showEnvVarsInLog = 0;
		};
		721ACD9DE960256F539EF3D7 /* [CP] Copy Pods Resources */ = {
			isa = PBXShellScriptBuildPhase;
			buildActionMask = 2147483647;
			files = (
			);
			inputPaths = (
				"${SRCROOT}/Pods/Target Support Files/Pods-CacheTests/Pods-CacheTests-resources.sh",
				"${PODS_CONFIGURATION_BUILD_DIR}/FirebaseUI/FirebaseAuthUI.bundle",
				"${PODS_CONFIGURATION_BUILD_DIR}/FirebaseUI/FirebasePhoneAuthUI.bundle",
			);
			name = "[CP] Copy Pods Resources";
			outputPaths = (
				"${TARGET_BUILD_DIR}/${UNLOCALIZED_RESOURCES_FOLDER_PATH}/FirebaseAuthUI.bundle",
				"${TARGET_BUILD_DIR}/${UNLOCALIZED_RESOURCES_FOLDER_PATH}/FirebasePhoneAuthUI.bundle",
			);
			runOnlyForDeploymentPostprocessing = 0;
			shellPath = /bin/sh;
			shellScript = "\"${SRCROOT}/Pods/Target Support Files/Pods-CacheTests/Pods-CacheTests-resources.sh\"\n";
			showEnvVarsInLog = 0;
		};
		A5ED61B4DDB4CA2F4DFE38DB /* [CP] Embed Pods Frameworks */ = {
			isa = PBXShellScriptBuildPhase;
			buildActionMask = 2147483647;
			files = (
			);
			inputPaths = (
				"${SRCROOT}/Pods/Target Support Files/Pods-CacheTests/Pods-CacheTests-frameworks.sh",
				"${BUILT_PRODUCTS_DIR}/BoringSSL/openssl.framework",
				"${BUILT_PRODUCTS_DIR}/GTMSessionFetcher/GTMSessionFetcher.framework",
				"${BUILT_PRODUCTS_DIR}/GoogleToolboxForMac/GoogleToolboxForMac.framework",
				"${BUILT_PRODUCTS_DIR}/PhoneNumberKit/PhoneNumberKit.framework",
				"${BUILT_PRODUCTS_DIR}/Protobuf/Protobuf.framework",
				"${BUILT_PRODUCTS_DIR}/gRPC/GRPCClient.framework",
				"${BUILT_PRODUCTS_DIR}/gRPC-Core/grpc.framework",
				"${BUILT_PRODUCTS_DIR}/gRPC-ProtoRPC/ProtoRPC.framework",
				"${BUILT_PRODUCTS_DIR}/gRPC-RxLibrary/RxLibrary.framework",
				"${BUILT_PRODUCTS_DIR}/leveldb-library/leveldb.framework",
				"${BUILT_PRODUCTS_DIR}/nanopb/nanopb.framework",
			);
			name = "[CP] Embed Pods Frameworks";
			outputPaths = (
				"${TARGET_BUILD_DIR}/${FRAMEWORKS_FOLDER_PATH}/openssl.framework",
				"${TARGET_BUILD_DIR}/${FRAMEWORKS_FOLDER_PATH}/GTMSessionFetcher.framework",
				"${TARGET_BUILD_DIR}/${FRAMEWORKS_FOLDER_PATH}/GoogleToolboxForMac.framework",
				"${TARGET_BUILD_DIR}/${FRAMEWORKS_FOLDER_PATH}/PhoneNumberKit.framework",
				"${TARGET_BUILD_DIR}/${FRAMEWORKS_FOLDER_PATH}/Protobuf.framework",
				"${TARGET_BUILD_DIR}/${FRAMEWORKS_FOLDER_PATH}/GRPCClient.framework",
				"${TARGET_BUILD_DIR}/${FRAMEWORKS_FOLDER_PATH}/grpc.framework",
				"${TARGET_BUILD_DIR}/${FRAMEWORKS_FOLDER_PATH}/ProtoRPC.framework",
				"${TARGET_BUILD_DIR}/${FRAMEWORKS_FOLDER_PATH}/RxLibrary.framework",
				"${TARGET_BUILD_DIR}/${FRAMEWORKS_FOLDER_PATH}/leveldb.framework",
				"${TARGET_BUILD_DIR}/${FRAMEWORKS_FOLDER_PATH}/nanopb.framework",
			);
			runOnlyForDeploymentPostprocessing = 0;
			shellPath = /bin/sh;
			shellScript = "\"${SRCROOT}/Pods/Target Support Files/Pods-CacheTests/Pods-CacheTests-frameworks.sh\"\n";
			showEnvVarsInLog = 0;
		};
		C196B1E2C2714BEC962717A9 /* [CP] Copy Pods Resources */ = {
			isa = PBXShellScriptBuildPhase;
			buildActionMask = 2147483647;
			files = (
			);
			inputPaths = (
				"${SRCROOT}/Pods/Target Support Files/Pods-Cache/Pods-Cache-resources.sh",
				"${PODS_CONFIGURATION_BUILD_DIR}/FirebaseUI/FirebaseAuthUI.bundle",
				"${PODS_CONFIGURATION_BUILD_DIR}/FirebaseUI/FirebasePhoneAuthUI.bundle",
			);
			name = "[CP] Copy Pods Resources";
			outputPaths = (
				"${TARGET_BUILD_DIR}/${UNLOCALIZED_RESOURCES_FOLDER_PATH}/FirebaseAuthUI.bundle",
				"${TARGET_BUILD_DIR}/${UNLOCALIZED_RESOURCES_FOLDER_PATH}/FirebasePhoneAuthUI.bundle",
			);
			runOnlyForDeploymentPostprocessing = 0;
			shellPath = /bin/sh;
			shellScript = "\"${SRCROOT}/Pods/Target Support Files/Pods-Cache/Pods-Cache-resources.sh\"\n";
			showEnvVarsInLog = 0;
		};
/* End PBXShellScriptBuildPhase section */

/* Begin PBXSourcesBuildPhase section */
		B55ADBE4202F59E600092F4D /* Sources */ = {
			isa = PBXSourcesBuildPhase;
			buildActionMask = 2147483647;
			files = (
				B55ADBEE202F59E600092F4D /* MainVC.swift in Sources */,
				B50915A22085945900F44EE9 /* UserDetails.swift in Sources */,
				B50EBAE7204231B60049DC3F /* DataService.swift in Sources */,
				B55ADC0D202F782B00092F4D /* UIExtension.swift in Sources */,
				B50EBB112058FA2E0049DC3F /* AuthService.swift in Sources */,
				B50EBB15205A0C9C0049DC3F /* UIViewExtension.swift in Sources */,
				B55ADC22203A84C700092F4D /* LoginVC.swift in Sources */,
				B55ADC162031104500092F4D /* ActivityCollectionCell.swift in Sources */,
				B55ADC1A203111B800092F4D /* ActivityVC.swift in Sources */,
				B55ADC182031107C00092F4D /* ActivityTableCell.swift in Sources */,
				B50EBB0F2058E4EE0049DC3F /* TransferDetails.swift in Sources */,
				B55ADC1C2036B1C600092F4D /* ConfirmationVC.swift in Sources */,
				B50915A020858C2B00F44EE9 /* DataCloudService.swift in Sources */,
				B5F53282203E9E8E00A147AE /* Enums.swift in Sources */,
				B50EBB13205906780049DC3F /* CashtagVC.swift in Sources */,
				B55ADBEC202F59E600092F4D /* AppDelegate.swift in Sources */,
			);
			runOnlyForDeploymentPostprocessing = 0;
		};
		B55ADBF8202F59E600092F4D /* Sources */ = {
			isa = PBXSourcesBuildPhase;
			buildActionMask = 2147483647;
			files = (
				B55ADC01202F59E600092F4D /* CacheTests.swift in Sources */,
			);
			runOnlyForDeploymentPostprocessing = 0;
		};
/* End PBXSourcesBuildPhase section */

/* Begin PBXTargetDependency section */
		B55ADBFE202F59E600092F4D /* PBXTargetDependency */ = {
			isa = PBXTargetDependency;
			target = B55ADBE7202F59E600092F4D /* Cache */;
			targetProxy = B55ADBFD202F59E600092F4D /* PBXContainerItemProxy */;
		};
/* End PBXTargetDependency section */

/* Begin PBXVariantGroup section */
		B55ADBEF202F59E600092F4D /* Main.storyboard */ = {
			isa = PBXVariantGroup;
			children = (
				B55ADBF0202F59E600092F4D /* Base */,
			);
			name = Main.storyboard;
			sourceTree = "<group>";
		};
		B55ADBF4202F59E600092F4D /* LaunchScreen.storyboard */ = {
			isa = PBXVariantGroup;
			children = (
				B55ADBF5202F59E600092F4D /* Base */,
			);
			name = LaunchScreen.storyboard;
			sourceTree = "<group>";
		};
/* End PBXVariantGroup section */

/* Begin XCBuildConfiguration section */
		B55ADC03202F59E600092F4D /* Debug */ = {
			isa = XCBuildConfiguration;
			buildSettings = {
				ALWAYS_SEARCH_USER_PATHS = NO;
				CLANG_ANALYZER_NONNULL = YES;
				CLANG_ANALYZER_NUMBER_OBJECT_CONVERSION = YES_AGGRESSIVE;
				CLANG_CXX_LANGUAGE_STANDARD = "gnu++14";
				CLANG_CXX_LIBRARY = "libc++";
				CLANG_ENABLE_MODULES = YES;
				CLANG_ENABLE_OBJC_ARC = YES;
				CLANG_WARN_BLOCK_CAPTURE_AUTORELEASING = YES;
				CLANG_WARN_BOOL_CONVERSION = YES;
				CLANG_WARN_COMMA = YES;
				CLANG_WARN_CONSTANT_CONVERSION = YES;
				CLANG_WARN_DEPRECATED_OBJC_IMPLEMENTATIONS = YES;
				CLANG_WARN_DIRECT_OBJC_ISA_USAGE = YES_ERROR;
				CLANG_WARN_DOCUMENTATION_COMMENTS = YES;
				CLANG_WARN_EMPTY_BODY = YES;
				CLANG_WARN_ENUM_CONVERSION = YES;
				CLANG_WARN_INFINITE_RECURSION = YES;
				CLANG_WARN_INT_CONVERSION = YES;
				CLANG_WARN_NON_LITERAL_NULL_CONVERSION = YES;
				CLANG_WARN_OBJC_IMPLICIT_RETAIN_SELF = YES;
				CLANG_WARN_OBJC_LITERAL_CONVERSION = YES;
				CLANG_WARN_OBJC_ROOT_CLASS = YES_ERROR;
				CLANG_WARN_RANGE_LOOP_ANALYSIS = YES;
				CLANG_WARN_STRICT_PROTOTYPES = YES;
				CLANG_WARN_SUSPICIOUS_MOVE = YES;
				CLANG_WARN_UNGUARDED_AVAILABILITY = YES_AGGRESSIVE;
				CLANG_WARN_UNREACHABLE_CODE = YES;
				CLANG_WARN__DUPLICATE_METHOD_MATCH = YES;
				CODE_SIGN_IDENTITY = "iPhone Developer";
				COPY_PHASE_STRIP = NO;
				DEBUG_INFORMATION_FORMAT = dwarf;
				ENABLE_STRICT_OBJC_MSGSEND = YES;
				ENABLE_TESTABILITY = YES;
				GCC_C_LANGUAGE_STANDARD = gnu11;
				GCC_DYNAMIC_NO_PIC = NO;
				GCC_NO_COMMON_BLOCKS = YES;
				GCC_OPTIMIZATION_LEVEL = 0;
				GCC_PREPROCESSOR_DEFINITIONS = (
					"DEBUG=1",
					"$(inherited)",
				);
				GCC_WARN_64_TO_32_BIT_CONVERSION = YES;
				GCC_WARN_ABOUT_RETURN_TYPE = YES_ERROR;
				GCC_WARN_UNDECLARED_SELECTOR = YES;
				GCC_WARN_UNINITIALIZED_AUTOS = YES_AGGRESSIVE;
				GCC_WARN_UNUSED_FUNCTION = YES;
				GCC_WARN_UNUSED_VARIABLE = YES;
				IPHONEOS_DEPLOYMENT_TARGET = 11.2;
				MTL_ENABLE_DEBUG_INFO = YES;
				ONLY_ACTIVE_ARCH = YES;
				SDKROOT = iphoneos;
				SWIFT_ACTIVE_COMPILATION_CONDITIONS = DEBUG;
				SWIFT_OPTIMIZATION_LEVEL = "-Onone";
			};
			name = Debug;
		};
		B55ADC04202F59E600092F4D /* Release */ = {
			isa = XCBuildConfiguration;
			buildSettings = {
				ALWAYS_SEARCH_USER_PATHS = NO;
				CLANG_ANALYZER_NONNULL = YES;
				CLANG_ANALYZER_NUMBER_OBJECT_CONVERSION = YES_AGGRESSIVE;
				CLANG_CXX_LANGUAGE_STANDARD = "gnu++14";
				CLANG_CXX_LIBRARY = "libc++";
				CLANG_ENABLE_MODULES = YES;
				CLANG_ENABLE_OBJC_ARC = YES;
				CLANG_WARN_BLOCK_CAPTURE_AUTORELEASING = YES;
				CLANG_WARN_BOOL_CONVERSION = YES;
				CLANG_WARN_COMMA = YES;
				CLANG_WARN_CONSTANT_CONVERSION = YES;
				CLANG_WARN_DEPRECATED_OBJC_IMPLEMENTATIONS = YES;
				CLANG_WARN_DIRECT_OBJC_ISA_USAGE = YES_ERROR;
				CLANG_WARN_DOCUMENTATION_COMMENTS = YES;
				CLANG_WARN_EMPTY_BODY = YES;
				CLANG_WARN_ENUM_CONVERSION = YES;
				CLANG_WARN_INFINITE_RECURSION = YES;
				CLANG_WARN_INT_CONVERSION = YES;
				CLANG_WARN_NON_LITERAL_NULL_CONVERSION = YES;
				CLANG_WARN_OBJC_IMPLICIT_RETAIN_SELF = YES;
				CLANG_WARN_OBJC_LITERAL_CONVERSION = YES;
				CLANG_WARN_OBJC_ROOT_CLASS = YES_ERROR;
				CLANG_WARN_RANGE_LOOP_ANALYSIS = YES;
				CLANG_WARN_STRICT_PROTOTYPES = YES;
				CLANG_WARN_SUSPICIOUS_MOVE = YES;
				CLANG_WARN_UNGUARDED_AVAILABILITY = YES_AGGRESSIVE;
				CLANG_WARN_UNREACHABLE_CODE = YES;
				CLANG_WARN__DUPLICATE_METHOD_MATCH = YES;
				CODE_SIGN_IDENTITY = "iPhone Developer";
				COPY_PHASE_STRIP = NO;
				DEBUG_INFORMATION_FORMAT = "dwarf-with-dsym";
				ENABLE_NS_ASSERTIONS = NO;
				ENABLE_STRICT_OBJC_MSGSEND = YES;
				GCC_C_LANGUAGE_STANDARD = gnu11;
				GCC_NO_COMMON_BLOCKS = YES;
				GCC_WARN_64_TO_32_BIT_CONVERSION = YES;
				GCC_WARN_ABOUT_RETURN_TYPE = YES_ERROR;
				GCC_WARN_UNDECLARED_SELECTOR = YES;
				GCC_WARN_UNINITIALIZED_AUTOS = YES_AGGRESSIVE;
				GCC_WARN_UNUSED_FUNCTION = YES;
				GCC_WARN_UNUSED_VARIABLE = YES;
				IPHONEOS_DEPLOYMENT_TARGET = 11.2;
				MTL_ENABLE_DEBUG_INFO = NO;
				SDKROOT = iphoneos;
				SWIFT_OPTIMIZATION_LEVEL = "-Owholemodule";
				VALIDATE_PRODUCT = YES;
			};
			name = Release;
		};
		B55ADC06202F59E600092F4D /* Debug */ = {
			isa = XCBuildConfiguration;
			baseConfigurationReference = 3C64EFE84807D86E3FEB2A96 /* Pods-Cache.debug.xcconfig */;
			buildSettings = {
				ASSETCATALOG_COMPILER_APPICON_NAME = AppIcon;
				CODE_SIGN_ENTITLEMENTS = Cache/Cache.entitlements;
				CODE_SIGN_STYLE = Automatic;
				DEVELOPMENT_TEAM = PD94K2S3RY;
				INFOPLIST_FILE = Cache/Info.plist;
				LD_RUNPATH_SEARCH_PATHS = "$(inherited) @executable_path/Frameworks";
				PRODUCT_BUNDLE_IDENTIFIER = "com.Square-Built.Cache";
				PRODUCT_NAME = "$(TARGET_NAME)";
				SWIFT_VERSION = 4.0;
				TARGETED_DEVICE_FAMILY = "1,2";
			};
			name = Debug;
		};
		B55ADC07202F59E600092F4D /* Release */ = {
			isa = XCBuildConfiguration;
			baseConfigurationReference = 6C251013F0DC78D4DAEDD6F5 /* Pods-Cache.release.xcconfig */;
			buildSettings = {
				ASSETCATALOG_COMPILER_APPICON_NAME = AppIcon;
				CODE_SIGN_ENTITLEMENTS = Cache/Cache.entitlements;
				CODE_SIGN_STYLE = Automatic;
				DEVELOPMENT_TEAM = PD94K2S3RY;
				INFOPLIST_FILE = Cache/Info.plist;
				LD_RUNPATH_SEARCH_PATHS = "$(inherited) @executable_path/Frameworks";
				PRODUCT_BUNDLE_IDENTIFIER = "com.Square-Built.Cache";
				PRODUCT_NAME = "$(TARGET_NAME)";
				SWIFT_VERSION = 4.0;
				TARGETED_DEVICE_FAMILY = "1,2";
			};
			name = Release;
		};
		B55ADC09202F59E600092F4D /* Debug */ = {
			isa = XCBuildConfiguration;
			baseConfigurationReference = 12D2A6286378B649BF6D09CB /* Pods-CacheTests.debug.xcconfig */;
			buildSettings = {
				ALWAYS_EMBED_SWIFT_STANDARD_LIBRARIES = YES;
				BUNDLE_LOADER = "$(TEST_HOST)";
				CODE_SIGN_STYLE = Automatic;
				DEVELOPMENT_TEAM = PD94K2S3RY;
				INFOPLIST_FILE = CacheTests/Info.plist;
				LD_RUNPATH_SEARCH_PATHS = "$(inherited) @executable_path/Frameworks @loader_path/Frameworks";
				PRODUCT_BUNDLE_IDENTIFIER = "com.Square-Built.CacheTests";
				PRODUCT_NAME = "$(TARGET_NAME)";
				SWIFT_VERSION = 4.0;
				TARGETED_DEVICE_FAMILY = "1,2";
				TEST_HOST = "$(BUILT_PRODUCTS_DIR)/Cache.app/Cache";
			};
			name = Debug;
		};
		B55ADC0A202F59E600092F4D /* Release */ = {
			isa = XCBuildConfiguration;
			baseConfigurationReference = 54ACD488B0426588EB4B22D5 /* Pods-CacheTests.release.xcconfig */;
			buildSettings = {
				ALWAYS_EMBED_SWIFT_STANDARD_LIBRARIES = YES;
				BUNDLE_LOADER = "$(TEST_HOST)";
				CODE_SIGN_STYLE = Automatic;
				DEVELOPMENT_TEAM = PD94K2S3RY;
				INFOPLIST_FILE = CacheTests/Info.plist;
				LD_RUNPATH_SEARCH_PATHS = "$(inherited) @executable_path/Frameworks @loader_path/Frameworks";
				PRODUCT_BUNDLE_IDENTIFIER = "com.Square-Built.CacheTests";
				PRODUCT_NAME = "$(TARGET_NAME)";
				SWIFT_VERSION = 4.0;
				TARGETED_DEVICE_FAMILY = "1,2";
				TEST_HOST = "$(BUILT_PRODUCTS_DIR)/Cache.app/Cache";
			};
			name = Release;
		};
/* End XCBuildConfiguration section */

/* Begin XCConfigurationList section */
		B55ADBE3202F59E600092F4D /* Build configuration list for PBXProject "Cache" */ = {
			isa = XCConfigurationList;
			buildConfigurations = (
				B55ADC03202F59E600092F4D /* Debug */,
				B55ADC04202F59E600092F4D /* Release */,
			);
			defaultConfigurationIsVisible = 0;
			defaultConfigurationName = Release;
		};
		B55ADC05202F59E600092F4D /* Build configuration list for PBXNativeTarget "Cache" */ = {
			isa = XCConfigurationList;
			buildConfigurations = (
				B55ADC06202F59E600092F4D /* Debug */,
				B55ADC07202F59E600092F4D /* Release */,
			);
			defaultConfigurationIsVisible = 0;
			defaultConfigurationName = Release;
		};
		B55ADC08202F59E600092F4D /* Build configuration list for PBXNativeTarget "CacheTests" */ = {
			isa = XCConfigurationList;
			buildConfigurations = (
				B55ADC09202F59E600092F4D /* Debug */,
				B55ADC0A202F59E600092F4D /* Release */,
			);
			defaultConfigurationIsVisible = 0;
			defaultConfigurationName = Release;
		};
/* End XCConfigurationList section */
	};
	rootObject = B55ADBE0202F59E600092F4D /* Project object */;
}
